{
  "nodes": {
    "nixCats": {
      "locked": {
        "lastModified": 1756502529,
        "narHash": "sha256-IPhN1a/DecHCJKugq51TnPqcMkwHU7qrQXagR2k1KwA=",
        "owner": "BirdeeHub",
        "repo": "nixCats-nvim",
        "rev": "b262211fc80bf5909f9b6642a7930fee907e3e8d",
        "type": "github"
      },
      "original": {
        "owner": "BirdeeHub",
        "repo": "nixCats-nvim",
        "type": "github"
      }
    },
    "nixpkgs": {
      "locked": {
        "lastModified": 1757034884,
        "narHash": "sha256-PgLSZDBEWUHpfTRfFyklmiiLBE1i1aGCtz4eRA3POao=",
        "owner": "nixos",
        "repo": "nixpkgs",
        "rev": "ca77296380960cd497a765102eeb1356eb80fed0",
        "type": "github"
      },
      "original": {
        "owner": "nixos",
        "ref": "nixpkgs-unstable",
        "repo": "nixpkgs",
        "type": "github"
      }
    },
    "plugins-everforest-nvim": {
      "flake": false,
      "locked": {
        "lastModified": 1757522576,
        "narHash": "sha256-nOMUb55P5mqUKD5w5xppJ94+gGnZbllJBoAiQLFFLA0=",
        "owner": "neanias",
        "repo": "everforest-nvim",
        "rev": "d2936185a6d266def29fd7b523d296384580ef08",
        "type": "github"
      },
      "original": {
        "owner": "neanias",
        "repo": "everforest-nvim",
        "type": "github"
      }
    },
    "plugins-instant-nvim": {
      "flake": false,
      "locked": {
        "lastModified": 1656191307,
        "narHash": "sha256-DXJWji/NR8ZCxe014rD51v3EHJHMhRQeOoI3SsY8mR4=",
        "owner": "jbyuki",
        "repo": "instant.nvim",
        "rev": "294b6d08143b3db8f9db7f606829270149e1a786",
        "type": "github"
      },
      "original": {
        "owner": "jbyuki",
        "repo": "instant.nvim",
        "type": "github"
      }
    },
    "plugins-ror-nvim": {
      "flake": false,
      "locked": {
        "lastModified": 1711025874,
        "narHash": "sha256-I4odR/oy5XZGfw/KXbzxz4K5FJX5J6vrLyrFA8ftF6o=",
        "owner": "weizheheng",
        "repo": "ror.nvim",
        "rev": "9d31ad3953be83ac8dd542725ca4881c861f64a5",
        "type": "github"
      },
      "original": {
        "owner": "weizheheng",
        "repo": "ror.nvim",
        "type": "github"
      }
    },
    "root": {
      "inputs": {
        "nixCats": "nixCats",
        "nixpkgs": "nixpkgs",
        "plugins-everforest-nvim": "plugins-everforest-nvim",
        "plugins-instant-nvim": "plugins-instant-nvim",
        "plugins-ror-nvim": "plugins-ror-nvim"
      }
    }
  },
  "root": "root",
  "version": 7
}
